
Microsoft Visual Studio Solution File, Format Version 12.00
# Visual Studio Version 16
VisualStudioVersion = 16.0.30804.86
MinimumVisualStudioVersion = 10.0.40219.1
Project("{FAE04EC0-301F-11D3-BF4B-00C04F79EFBC}") = "WeatherApp", "WeatherApp\WeatherApp.csproj", "{F9393A85-0283-40A6-A317-C92FDB6D0E75}"
EndProject
Global
	GlobalSection(SolutionConfigurationPlatforms) = preSolution
		Debug|Any CPU = Debug|Any CPU
		Release|Any CPU = Release|Any CPU
	EndGlobalSection
	GlobalSection(ProjectConfigurationPlatforms) = postSolution
		{F9393A85-0283-40A6-A317-C92FDB6D0E75}.Debug|Any CPU.ActiveCfg = Debug|Any CPU
		{F9393A85-0283-40A6-A317-C92FDB6D0E75}.Debug|Any CPU.Build.0 = Debug|Any CPU
		{F9393A85-0283-40A6-A317-C92FDB6D0E75}.Release|Any CPU.ActiveCfg = Release|Any CPU
		{F9393A85-0283-40A6-A317-C92FDB6D0E75}.Release|Any CPU.Build.0 = Release|Any CPU
	EndGlobalSection
	GlobalSection(SolutionProperties) = preSolution
		HideSolutionNode = FALSE
	EndGlobalSection
	GlobalSection(ExtensibilityGlobals) = postSolution
		SolutionGuid = {F564CB79-FCA6-44DE-88F7-2484ACEBF8B7}
	EndGlobalSection
EndGlobal
